
Microsoft Visual Studio Solution File, Format Version 12.00
# Visual Studio Version 17
VisualStudioVersion = 17.4.33122.133
MinimumVisualStudioVersion = 10.0.40219.1
Project("{FAE04EC0-301F-11D3-BF4B-00C04F79EFBC}") = "ProjectMCJ", "ProjectMCJ\ProjectMCJ.csproj", "{48108E98-922A-41D1-8BF4-AD168636049C}"
EndProject
Global
	GlobalSection(SolutionConfigurationPlatforms) = preSolution
		Debug|Any CPU = Debug|Any CPU
		Release|Any CPU = Release|Any CPU
	EndGlobalSection
	GlobalSection(ProjectConfigurationPlatforms) = postSolution
		{48108E98-922A-41D1-8BF4-AD168636049C}.Debug|Any CPU.ActiveCfg = Debug|Any CPU
		{48108E98-922A-41D1-8BF4-AD168636049C}.Debug|Any CPU.Build.0 = Debug|Any CPU
		{48108E98-922A-41D1-8BF4-AD168636049C}.Release|Any CPU.ActiveCfg = Release|Any CPU
		{48108E98-922A-41D1-8BF4-AD168636049C}.Release|Any CPU.Build.0 = Release|Any CPU
	EndGlobalSection
	GlobalSection(SolutionProperties) = preSolution
		HideSolutionNode = FALSE
	EndGlobalSection
	GlobalSection(ExtensibilityGlobals) = postSolution
		SolutionGuid = {9B09E2BA-9FA7-4CBF-91CC-8FC9F1AEC9B0}
	EndGlobalSection
EndGlobal
